<?xml version="1.0" encoding="utf-8"?>
<Project ToolsVersion="4.0" xmlns="http://schemas.microsoft.com/developer/msbuild/2003">
  <ItemGroup>
    <Filter Include="Header Files">
      <UniqueIdentifier>{93995380-89BD-4b04-88EB-625FBE52EBFB}</UniqueIdentifier>
      <Extensions>h;hh;hpp;hxx;h++;hm;inl;inc;ipp;xsd</Extensions>
    </Filter>
    <Filter Include="Resource Files">
      <UniqueIdentifier>{67DA6AB6-F800-4c08-8B7A-83BB121AAD01}</UniqueIdentifier>
      <Extensions>rc;ico;cur;bmp;dlg;rc2;rct;bin;rgs;gif;jpg;jpeg;jpe;resx;tiff;tif;png;wav;mfcribbon-ms</Extensions>
    </Filter>
    <Filter Include="Engine Files">
      <UniqueIdentifier>{4FC737F1-C7A5-4376-A066-2A32D752A2FF}</UniqueIdentifier>
      <Extensions>cpp;c;cc;cxx;c++;cppm;ixx;def;odl;idl;hpj;bat;asm;asmx</Extensions>
    </Filter>
    <Filter Include="Engine Files\Core">
      <UniqueIdentifier>{3c12a6cf-f460-44ed-b4fe-445164932ff8}</UniqueIdentifier>
    </Filter>
    <Filter Include="Engine Files\App">
      <UniqueIdentifier>{1045cb2d-f7bd-4c91-bce8-da02325fde51}</UniqueIdentifier>
    </Filter>
    <Filter Include="Engine Files\Systems">
      <UniqueIdentifier>{089c299d-946f-474d-89df-aebb15778175}</UniqueIdentifier>
    </Filter>
    <Filter Include="Engine Files\Rendering">
      <UniqueIdentifier>{00cf3693-a092-4ff6-bb67-868c5e057c3b}</UniqueIdentifier>
    </Filter>
    <Filter Include="Engine Files\Scene">
      <UniqueIdentifier>{228d8b1e-5d87-4091-b20d-1d028a75239d}</UniqueIdentifier>
    </Filter>
    <Filter Include="Engine Files\Component">
      <UniqueIdentifier>{d1caf728-4fde-44ee-8322-d57d4d228e0f}</UniqueIdentifier>
    </Filter>
    <Filter Include="Engine Files\Scene\Objects">
      <UniqueIdentifier>{3deea4e0-7a23-4a60-891f-12faa9232083}</UniqueIdentifier>
    </Filter>
    <Filter Include="Engine Files\Component\Derived">
      <UniqueIdentifier>{c3f43b04-1aa5-4136-be27-0a1491faef6a}</UniqueIdentifier>
    </Filter>
    <Filter Include="Engine Files\Component\Derived\Lights">
      <UniqueIdentifier>{70950b1b-7d20-4788-bbbf-a08c3a639ec6}</UniqueIdentifier>
    </Filter>
    <Filter Include="Engine Files\3rdParty">
      <UniqueIdentifier>{bd1a81e7-f60b-4d58-8a62-2c285e8245b3}</UniqueIdentifier>
    </Filter>
    <Filter Include="Engine Files\3rdParty\ImGui">
      <UniqueIdentifier>{16a79ff0-6c9a-40b8-a4d5-f41b8afbf5b4}</UniqueIdentifier>
    </Filter>
    <Filter Include="Engine Files\UI">
      <UniqueIdentifier>{c784b6b8-8ec1-4e46-ac17-8fc26a1e2e1e}</UniqueIdentifier>
    </Filter>
    <Filter Include="Engine Files\Rendering\Materials">
      <UniqueIdentifier>{db3ce08a-5c98-4555-9091-eef1f2f6b3bc}</UniqueIdentifier>
    </Filter>
    <Filter Include="Engine Files\Assets">
      <UniqueIdentifier>{f4d936dc-da6d-432e-8634-ea10291ee394}</UniqueIdentifier>
    </Filter>
    <Filter Include="Engine Files\Assets\Factories">
      <UniqueIdentifier>{f45133b3-3562-416e-8e62-e04af1722e6c}</UniqueIdentifier>
    </Filter>
    <Filter Include="Engine Files\Assets\Files">
      <UniqueIdentifier>{d07adfd4-1bbc-45f2-933f-b3a0e402cffd}</UniqueIdentifier>
    </Filter>
    <Filter Include="Resource Files\Shaders">
      <UniqueIdentifier>{1f292d4d-82d2-4c54-95f6-8a234eafd9e2}</UniqueIdentifier>
    </Filter>
    <Filter Include="Engine Files\Logging">
      <UniqueIdentifier>{798e9b02-48a4-4d72-9c34-eebfbd0ef3d4}</UniqueIdentifier>
    </Filter>
    <Filter Include="Engine Files\Rendering\RenderTypes">
      <UniqueIdentifier>{be27186c-ab94-4c99-994c-c6d4ab9e8bfa}</UniqueIdentifier>
    </Filter>
    <Filter Include="Engine Files\Rendering\Core">
      <UniqueIdentifier>{92864ccf-d37a-4835-88d1-86268c683e56}</UniqueIdentifier>
    </Filter>
    <Filter Include="Engine Files\Rendering\Camera">
      <UniqueIdentifier>{0978f168-bed0-44a6-896d-43d2adc88c1e}</UniqueIdentifier>
    </Filter>
    <Filter Include="Engine Files\Rendering\Texture">
      <UniqueIdentifier>{cfcbe2da-b222-44a3-92ae-9a509dcdd8b5}</UniqueIdentifier>
    </Filter>
    <Filter Include="Resource Files\Shaders\PostProcessing">
      <UniqueIdentifier>{973634f1-1623-4d2f-9c16-ba2bd6dc329c}</UniqueIdentifier>
    </Filter>
    <Filter Include="Engine Files\Rendering\PostProcessing">
      <UniqueIdentifier>{5408f90d-20ac-41eb-9ec9-8fae757a6ec9}</UniqueIdentifier>
    </Filter>
    <Filter Include="Engine Files\UI\Widgets">
      <UniqueIdentifier>{9ff7966b-24d7-4c81-a376-c515db5ada6a}</UniqueIdentifier>
    </Filter>
    <Filter Include="Engine Files\Rendering\Debugging">
      <UniqueIdentifier>{d1626f2e-72ec-4f43-b39f-e3f12cfe1f6c}</UniqueIdentifier>
    </Filter>
    <Filter Include="Engine Files\Core\Math">
      <UniqueIdentifier>{62f4a969-ae04-485a-b235-3a9906994153}</UniqueIdentifier>
    </Filter>
  </ItemGroup>
  <ItemGroup>
    <ClCompile Include="pch.cpp">
      <Filter>Engine Files\Core</Filter>
    </ClCompile>
    <ClCompile Include="App.cpp">
      <Filter>Engine Files\App</Filter>
    </ClCompile>
    <ClCompile Include="Window.cpp">
      <Filter>Engine Files\App</Filter>
    </ClCompile>
    <ClCompile Include="EngineManager.cpp">
      <Filter>Engine Files\Systems</Filter>
    </ClCompile>
    <ClCompile Include="EngineDevice.cpp">
      <Filter>Engine Files\App</Filter>
    </ClCompile>
    <ClCompile Include="Scene.cpp">
      <Filter>Engine Files\Scene</Filter>
    </ClCompile>
    <ClCompile Include="Project.cpp">
      <Filter>Engine Files\App</Filter>
    </ClCompile>
    <ClCompile Include="Component.cpp">
      <Filter>Engine Files\Component</Filter>
    </ClCompile>
    <ClCompile Include="Object.cpp">
      <Filter>Engine Files\Scene\Objects</Filter>
    </ClCompile>
    <ClCompile Include="ComponentStructure.cpp">
      <Filter>Engine Files\Component</Filter>
    </ClCompile>
    <ClCompile Include="MeshComponent.cpp">
      <Filter>Engine Files\Component\Derived</Filter>
    </ClCompile>
    <ClCompile Include="Transform.cpp">
      <Filter>Engine Files\Scene\Objects</Filter>
    </ClCompile>
    <ClCompile Include="FileManager.cpp">
      <Filter>Engine Files\App</Filter>
    </ClCompile>
    <ClCompile Include="PointLight.cpp">
      <Filter>Engine Files\Component\Derived\Lights</Filter>
    </ClCompile>
    <ClCompile Include="DirectionalLight.cpp">
      <Filter>Engine Files\Component\Derived\Lights</Filter>
    </ClCompile>
    <ClCompile Include="..\AdditionalDependencies\Includes\ImGUI\Include\imgui.cpp">
      <Filter>Engine Files\3rdParty\ImGui</Filter>
    </ClCompile>
    <ClCompile Include="..\AdditionalDependencies\Includes\ImGUI\Include\imgui_draw.cpp">
      <Filter>Engine Files\3rdParty\ImGui</Filter>
    </ClCompile>
    <ClCompile Include="..\AdditionalDependencies\Includes\ImGUI\Include\imgui_impl_dx11.cpp">
      <Filter>Engine Files\3rdParty\ImGui</Filter>
    </ClCompile>
    <ClCompile Include="..\AdditionalDependencies\Includes\ImGUI\Include\imgui_impl_win32.cpp">
      <Filter>Engine Files\3rdParty\ImGui</Filter>
    </ClCompile>
    <ClCompile Include="..\AdditionalDependencies\Includes\ImGUI\Include\imgui_tables.cpp">
      <Filter>Engine Files\3rdParty\ImGui</Filter>
    </ClCompile>
    <ClCompile Include="..\AdditionalDependencies\Includes\ImGUI\Include\imgui_widgets.cpp">
      <Filter>Engine Files\3rdParty\ImGui</Filter>
    </ClCompile>
    <ClCompile Include="UIRenderer.cpp">
      <Filter>Engine Files\UI</Filter>
    </ClCompile>
    <ClCompile Include="Light.cpp">
      <Filter>Engine Files\Component\Derived\Lights</Filter>
    </ClCompile>
    <ClCompile Include="Material.cpp">
      <Filter>Engine Files\Rendering\Materials</Filter>
    </ClCompile>
    <ClCompile Include="Asset.cpp">
      <Filter>Engine Files\Assets\Files</Filter>
    </ClCompile>
    <ClCompile Include="AssetFactory.cpp">
      <Filter>Engine Files\Assets\Factories</Filter>
    </ClCompile>
    <ClCompile Include="MeshAsset.cpp">
      <Filter>Engine Files\Assets\Files</Filter>
    </ClCompile>
    <ClCompile Include="MeshFactory.cpp">
      <Filter>Engine Files\Assets\Factories</Filter>
    </ClCompile>
    <ClCompile Include="VAssetWriterReader.cpp">
      <Filter>Engine Files\Assets\Files</Filter>
    </ClCompile>
    <ClCompile Include="Logger.cpp">
      <Filter>Engine Files\Logging</Filter>
    </ClCompile>
    <ClCompile Include="DeferredDX11.cpp">
      <Filter>Engine Files\Rendering\RenderTypes</Filter>
    </ClCompile>
    <ClCompile Include="ForwardsDX11.cpp">
      <Filter>Engine Files\Rendering\RenderTypes</Filter>
    </ClCompile>
    <ClCompile Include="EngineSettings.cpp">
      <Filter>Engine Files\Systems</Filter>
    </ClCompile>
    <ClCompile Include="Renderer.cpp">
      <Filter>Engine Files\Rendering\Core</Filter>
    </ClCompile>
    <ClCompile Include="Camera.cpp">
      <Filter>Engine Files\Rendering\Camera</Filter>
    </ClCompile>
    <ClCompile Include="Texture.cpp">
      <Filter>Engine Files\Rendering\Texture</Filter>
    </ClCompile>
    <ClCompile Include="PostProcesses.cpp">
      <Filter>Engine Files\Rendering\PostProcessing</Filter>
    </ClCompile>
    <ClCompile Include="GreyScale.cpp">
      <Filter>Engine Files\Rendering\PostProcessing</Filter>
    </ClCompile>
    <ClCompile Include="CameraWidget.cpp">
      <Filter>Engine Files\UI\Widgets</Filter>
    </ClCompile>
    <ClCompile Include="LightWidget.cpp">
      <Filter>Engine Files\UI\Widgets</Filter>
    </ClCompile>
    <ClCompile Include="MaterialWidget.cpp">
      <Filter>Engine Files\UI\Widgets</Filter>
    </ClCompile>
    <ClCompile Include="MeshWidget.cpp">
      <Filter>Engine Files\UI\Widgets</Filter>
    </ClCompile>
    <ClCompile Include="ObjectWidget.cpp">
      <Filter>Engine Files\UI\Widgets</Filter>
    </ClCompile>
    <ClCompile Include="PostProcessWidget.cpp">
      <Filter>Engine Files\UI\Widgets</Filter>
    </ClCompile>
    <ClCompile Include="RendererWidget.cpp">
      <Filter>Engine Files\UI\Widgets</Filter>
    </ClCompile>
    <ClCompile Include="TransformWidget.cpp">
      <Filter>Engine Files\UI\Widgets</Filter>
    </ClCompile>
    <ClCompile Include="Widget.cpp">
      <Filter>Engine Files\UI\Widgets</Filter>
    </ClCompile>
    <ClCompile Include="ScreenSpaceCopy.cpp">
      <Filter>Engine Files\Rendering\PostProcessing</Filter>
    </ClCompile>
    <ClCompile Include="MaterialParamsMapping.cpp">
      <Filter>Engine Files\Rendering\Materials</Filter>
    </ClCompile>
    <ClCompile Include="RenderAnnotation.cpp">
      <Filter>Engine Files\Rendering\Debugging</Filter>
    </ClCompile>
    <ClCompile Include="VMath.cpp">
      <Filter>Engine Files\Core\Math</Filter>
    </ClCompile>
  </ItemGroup>
  <ItemGroup>
    <ClInclude Include="pch.h">
      <Filter>Engine Files\Core</Filter>
    </ClInclude>
    <ClInclude Include="Window.h">
      <Filter>Engine Files\App</Filter>
    </ClInclude>
    <ClInclude Include="App.h">
      <Filter>Engine Files\App</Filter>
    </ClInclude>
    <ClInclude Include="Singleton.h">
      <Filter>Engine Files\Systems</Filter>
    </ClInclude>
    <ClInclude Include="EngineManager.h">
      <Filter>Engine Files\Systems</Filter>
    </ClInclude>
    <ClInclude Include="EngineDevice.h">
      <Filter>Engine Files\App</Filter>
    </ClInclude>
    <ClInclude Include="WindowSettings.h">
      <Filter>Engine Files\App</Filter>
    </ClInclude>
    <ClInclude Include="Scene.h">
      <Filter>Engine Files\Scene</Filter>
    </ClInclude>
    <ClInclude Include="BaseUpdateStructure.h">
      <Filter>Engine Files\Scene</Filter>
    </ClInclude>
    <ClInclude Include="Project.h">
      <Filter>Engine Files\App</Filter>
    </ClInclude>
    <ClInclude Include="AppTime.h">
      <Filter>Engine Files\Systems</Filter>
    </ClInclude>
    <ClInclude Include="Component.h">
      <Filter>Engine Files\Component</Filter>
    </ClInclude>
    <ClInclude Include="FileManager.h">
      <Filter>Engine Files\App</Filter>
    </ClInclude>
    <ClInclude Include="Object.h">
      <Filter>Engine Files\Scene\Objects</Filter>
    </ClInclude>
    <ClInclude Include="ComponentStructure.h">
      <Filter>Engine Files\Component</Filter>
    </ClInclude>
    <ClInclude Include="MeshComponent.h">
      <Filter>Engine Files\Component\Derived</Filter>
    </ClInclude>
    <ClInclude Include="Transform.h">
      <Filter>Engine Files\Scene\Objects</Filter>
    </ClInclude>
    <ClInclude Include="PointLight.h">
      <Filter>Engine Files\Component\Derived\Lights</Filter>
    </ClInclude>
    <ClInclude Include="DirectionalLight.h">
      <Filter>Engine Files\Component\Derived\Lights</Filter>
    </ClInclude>
    <ClInclude Include="..\AdditionalDependencies\Includes\ImGUI\Include\imconfig.h">
      <Filter>Engine Files\3rdParty\ImGui</Filter>
    </ClInclude>
    <ClInclude Include="..\AdditionalDependencies\Includes\ImGUI\Include\imgui.h">
      <Filter>Engine Files\3rdParty\ImGui</Filter>
    </ClInclude>
    <ClInclude Include="..\AdditionalDependencies\Includes\ImGUI\Include\imgui_impl_dx11.h">
      <Filter>Engine Files\3rdParty\ImGui</Filter>
    </ClInclude>
    <ClInclude Include="..\AdditionalDependencies\Includes\ImGUI\Include\imgui_impl_win32.h">
      <Filter>Engine Files\3rdParty\ImGui</Filter>
    </ClInclude>
    <ClInclude Include="..\AdditionalDependencies\Includes\ImGUI\Include\imgui_internal.h">
      <Filter>Engine Files\3rdParty\ImGui</Filter>
    </ClInclude>
    <ClInclude Include="..\AdditionalDependencies\Includes\ImGUI\Include\imstb_rectpack.h">
      <Filter>Engine Files\3rdParty\ImGui</Filter>
    </ClInclude>
    <ClInclude Include="..\AdditionalDependencies\Includes\ImGUI\Include\imstb_textedit.h">
      <Filter>Engine Files\3rdParty\ImGui</Filter>
    </ClInclude>
    <ClInclude Include="..\AdditionalDependencies\Includes\ImGUI\Include\imstb_truetype.h">
      <Filter>Engine Files\3rdParty\ImGui</Filter>
    </ClInclude>
    <ClInclude Include="UIRenderer.h">
      <Filter>Engine Files\UI</Filter>
    </ClInclude>
    <ClInclude Include="Light.h">
      <Filter>Engine Files\Component\Derived\Lights</Filter>
    </ClInclude>
    <ClInclude Include="Material.h">
      <Filter>Engine Files\Rendering\Materials</Filter>
    </ClInclude>
    <ClInclude Include="Asset.h">
      <Filter>Engine Files\Assets\Files</Filter>
    </ClInclude>
    <ClInclude Include="AssetFactory.h">
      <Filter>Engine Files\Assets\Factories</Filter>
    </ClInclude>
    <ClInclude Include="MeshAsset.h">
      <Filter>Engine Files\Assets\Files</Filter>
    </ClInclude>
    <ClInclude Include="MeshFactory.h">
      <Filter>Engine Files\Assets\Factories</Filter>
    </ClInclude>
    <ClInclude Include="VAssetWriterReader.h">
      <Filter>Engine Files\Assets\Files</Filter>
    </ClInclude>
    <ClInclude Include="Logger.h">
      <Filter>Engine Files\Logging</Filter>
    </ClInclude>
    <ClInclude Include="DeferredDX11.h">
      <Filter>Engine Files\Rendering\RenderTypes</Filter>
    </ClInclude>
    <ClInclude Include="ForwardsDX11.h">
      <Filter>Engine Files\Rendering\RenderTypes</Filter>
    </ClInclude>
    <ClInclude Include="EngineSettings.h">
      <Filter>Engine Files\Systems</Filter>
    </ClInclude>
    <ClInclude Include="Renderable.h">
      <Filter>Engine Files\Rendering\Core</Filter>
    </ClInclude>
    <ClInclude Include="Renderer.h">
      <Filter>Engine Files\Rendering\Core</Filter>
    </ClInclude>
    <ClInclude Include="ShaderStructures.h">
      <Filter>Engine Files\Rendering\Core</Filter>
    </ClInclude>
    <ClInclude Include="Camera.h">
      <Filter>Engine Files\Rendering\Camera</Filter>
    </ClInclude>
    <ClInclude Include="Texture.h">
      <Filter>Engine Files\Rendering\Texture</Filter>
    </ClInclude>
    <ClInclude Include="RenderUtils.h">
      <Filter>Engine Files\Rendering\Core</Filter>
    </ClInclude>
    <ClInclude Include="PostProcesses.h">
      <Filter>Engine Files\Rendering\PostProcessing</Filter>
    </ClInclude>
    <ClInclude Include="GreyScale.h">
      <Filter>Engine Files\Rendering\PostProcessing</Filter>
    </ClInclude>
    <ClInclude Include="CameraWidget.h">
      <Filter>Engine Files\UI\Widgets</Filter>
    </ClInclude>
    <ClInclude Include="LightWidget.h">
      <Filter>Engine Files\UI\Widgets</Filter>
    </ClInclude>
    <ClInclude Include="MaterialWidget.h">
      <Filter>Engine Files\UI\Widgets</Filter>
    </ClInclude>
    <ClInclude Include="MeshWidget.h">
      <Filter>Engine Files\UI\Widgets</Filter>
    </ClInclude>
    <ClInclude Include="ObjectWidget.h">
      <Filter>Engine Files\UI\Widgets</Filter>
    </ClInclude>
    <ClInclude Include="PostProcessWidget.h">
      <Filter>Engine Files\UI\Widgets</Filter>
    </ClInclude>
    <ClInclude Include="RendererWidget.h">
      <Filter>Engine Files\UI\Widgets</Filter>
    </ClInclude>
    <ClInclude Include="TransformWidget.h">
      <Filter>Engine Files\UI\Widgets</Filter>
    </ClInclude>
    <ClInclude Include="Widget.h">
      <Filter>Engine Files\UI\Widgets</Filter>
    </ClInclude>
    <ClInclude Include="ScreenSpaceCopy.h">
      <Filter>Engine Files\Rendering\PostProcessing</Filter>
    </ClInclude>
    <ClInclude Include="MaterialParamsMapping.h">
      <Filter>Engine Files\Rendering\Materials</Filter>
    </ClInclude>
    <ClInclude Include="RenderAnnotation.h">
      <Filter>Engine Files\Rendering\Debugging</Filter>
    </ClInclude>
    <ClInclude Include="VMath.h">
      <Filter>Engine Files\Core\Math</Filter>
    </ClInclude>
  </ItemGroup>
  <ItemGroup>
    <FxCompile Include="..\Resources\Shaders\ShaderForwards.fx">
      <Filter>Resource Files\Shaders</Filter>
    </FxCompile>
    <FxCompile Include="..\Resources\Shaders\ShaderDeferred.fx">
      <Filter>Resource Files\Shaders</Filter>
    </FxCompile>
    <FxCompile Include="..\Resources\Shaders\DeferredLighting.fx">
      <Filter>Resource Files\Shaders</Filter>
    </FxCompile>
    <FxCompile Include="..\Resources\Shaders\CommonGlobals.fx">
      <Filter>Resource Files\Shaders</Filter>
    </FxCompile>
    <FxCompile Include="..\Resources\Shaders\PostProcessing\GreyScale.fx">
      <Filter>Resource Files\Shaders\PostProcessing</Filter>
    </FxCompile>
    <FxCompile Include="..\Resources\Shaders\PostProcessing\ScreenSpaceCopy.fx">
      <Filter>Resource Files\Shaders\PostProcessing</Filter>
    </FxCompile>
  </ItemGroup>
</Project>